
Microsoft Visual Studio Solution File, Format Version 12.00
# Visual Studio Version 16
VisualStudioVersion = 16.0.30225.117
MinimumVisualStudioVersion = 10.0.40219.1
Project("{FAE04EC0-301F-11D3-BF4B-00C04F79EFBC}") = "MVCProductAssignment", "MVCProductAssignment.csproj", "{15104AA5-0EC1-47E4-B507-9B66C1E46A00}"
EndProject
Global
	GlobalSection(SolutionConfigurationPlatforms) = preSolution
		Debug|Any CPU = Debug|Any CPU
		Release|Any CPU = Release|Any CPU
	EndGlobalSection
	GlobalSection(ProjectConfigurationPlatforms) = postSolution
		{15104AA5-0EC1-47E4-B507-9B66C1E46A00}.Debug|Any CPU.ActiveCfg = Debug|Any CPU
		{15104AA5-0EC1-47E4-B507-9B66C1E46A00}.Debug|Any CPU.Build.0 = Debug|Any CPU
		{15104AA5-0EC1-47E4-B507-9B66C1E46A00}.Release|Any CPU.ActiveCfg = Release|Any CPU
		{15104AA5-0EC1-47E4-B507-9B66C1E46A00}.Release|Any CPU.Build.0 = Release|Any CPU
	EndGlobalSection
	GlobalSection(SolutionProperties) = preSolution
		HideSolutionNode = FALSE
	EndGlobalSection
	GlobalSection(ExtensibilityGlobals) = postSolution
		SolutionGuid = {1693F82C-74A8-4087-A0F8-24982D14FCAC}
	EndGlobalSection
EndGlobal
